
Microsoft Visual Studio Solution File, Format Version 12.00
# Visual Studio Version 17
VisualStudioVersion = 17.9.34728.123
MinimumVisualStudioVersion = 10.0.40219.1
Project("{9A19103F-16F7-4668-BE54-9A1E7A4F7556}") = "OfflineMinecraftLauncher", "OfflineMinecraftLauncher.csproj", "{A5BB2DF0-D9AC-4C0D-A15D-C4CEE681D716}"
EndProject
Project("{54435603-DBB4-11D2-8724-00A0C9A8B90C}") = "OfflineMinecraftLauncherSetup", "OfflineMinecraftLauncherSetup\OfflineMinecraftLauncherSetup.vdproj", "{C123A472-1B21-4921-B426-E0BEFD9BB1B0}"
EndProject
Global
	GlobalSection(SolutionConfigurationPlatforms) = preSolution
		Debug|Any CPU = Debug|Any CPU
		Release|Any CPU = Release|Any CPU
	EndGlobalSection
	GlobalSection(ProjectConfigurationPlatforms) = postSolution
		{A5BB2DF0-D9AC-4C0D-A15D-C4CEE681D716}.Debug|Any CPU.ActiveCfg = Debug|Any CPU
		{A5BB2DF0-D9AC-4C0D-A15D-C4CEE681D716}.Debug|Any CPU.Build.0 = Debug|Any CPU
		{A5BB2DF0-D9AC-4C0D-A15D-C4CEE681D716}.Release|Any CPU.ActiveCfg = Release|Any CPU
		{A5BB2DF0-D9AC-4C0D-A15D-C4CEE681D716}.Release|Any CPU.Build.0 = Release|Any CPU
		{C123A472-1B21-4921-B426-E0BEFD9BB1B0}.Debug|Any CPU.ActiveCfg = Debug
		{C123A472-1B21-4921-B426-E0BEFD9BB1B0}.Release|Any CPU.ActiveCfg = Release
	EndGlobalSection
	GlobalSection(SolutionProperties) = preSolution
		HideSolutionNode = FALSE
	EndGlobalSection
	GlobalSection(ExtensibilityGlobals) = postSolution
		SolutionGuid = {C7B7B25C-3AD2-49E6-8422-7B840B972C68}
	EndGlobalSection
EndGlobal
